{
  "name": "bootstrap-app",
  "version": "1.0.0",
  "lockfileVersion": 3,
  "requires": true,
  "packages": {
    "": {
      "name": "bootstrap-app",
      "version": "1.0.0",
      "license": "ISC",
      "dependencies": {
        "bootstrap": "^3.4.1",
        "jquery": "^1.11.1",
        "respond.js": "^1.4.2"
      }
    },
    "node_modules/bootstrap": {
      "version": "3.4.1",
      "resolved": "https://registry.npmjs.org/bootstrap/-/bootstrap-3.4.1.tgz",
      "integrity": "sha512-yN5oZVmRCwe5aKwzRj6736nSmKDX7pLYwsXiCj/EYmo16hODaBiT4En5btW/jhBF/seV+XMx3aYwukYC3A49DA==",
      "engines": {
        "node": ">=6"
      }
    },
    "node_modules/jquery": {
      "version": "1.11.1",
      "resolved": "https://registry.npmjs.org/jquery/-/jquery-1.11.1.tgz",
      "integrity": "sha512-vQfIKd5rOo2OVWkGQpcO16VRebvOiY801IzUiO6Yo89cRraqO+XE0BhvURLubLfla1GnifhLy/fGkcJ0k9kGog=="
    },
    "node_modules/respond.js": {
      "version": "1.4.2",
      "resolved": "https://registry.npmjs.org/respond.js/-/respond.js-1.4.2.tgz",
      "integrity": "sha512-CnKoEKjfyyrldG/D05DW0qtAyLQ4sm4si4Bq4GDsMPd1KMUAuQI224aybMkG/D5IVOB6PYdtYvjbeiAJo1V0rA=="
    }
  }
}
